<?xml version="1.0" encoding="utf-8"?>
<Project ToolsVersion="4.0" xmlns="http://schemas.microsoft.com/developer/msbuild/2003">
  <ItemGroup>
    <Filter Include="ソース ファイル">
      <UniqueIdentifier>{4FC737F1-C7A5-4376-A066-2A32D752A2FF}</UniqueIdentifier>
      <Extensions>cpp;c;cc;cxx;c++;cppm;ixx;def;odl;idl;hpj;bat;asm;asmx</Extensions>
    </Filter>
    <Filter Include="ヘッダー ファイル">
      <UniqueIdentifier>{93995380-89BD-4b04-88EB-625FBE52EBFB}</UniqueIdentifier>
      <Extensions>h;hh;hpp;hxx;h++;hm;inl;inc;ipp;xsd</Extensions>
    </Filter>
    <Filter Include="リソース ファイル">
      <UniqueIdentifier>{67DA6AB6-F800-4c08-8B7A-83BB121AAD01}</UniqueIdentifier>
      <Extensions>rc;ico;cur;bmp;dlg;rc2;rct;bin;rgs;gif;jpg;jpeg;jpe;resx;tiff;tif;png;wav;mfcribbon-ms</Extensions>
    </Filter>
    <Filter Include="シェーダーファイル">
      <UniqueIdentifier>{7e5584a5-2895-4181-9eaf-f65622106b57}</UniqueIdentifier>
    </Filter>
    <Filter Include="ソース ファイル\2d">
      <UniqueIdentifier>{cb8b355c-9f24-457b-8faa-8bcd7d5011cb}</UniqueIdentifier>
    </Filter>
    <Filter Include="ヘッダー ファイル\2d">
      <UniqueIdentifier>{d77877df-0aa0-4d81-8c7b-42af21439fd2}</UniqueIdentifier>
    </Filter>
    <Filter Include="ソース ファイル\3d">
      <UniqueIdentifier>{6a6c4718-65fe-49f3-80fb-ddc981580065}</UniqueIdentifier>
    </Filter>
    <Filter Include="ヘッダー ファイル\3d">
      <UniqueIdentifier>{2ae63599-f8aa-4563-9079-a5ea03e347e8}</UniqueIdentifier>
    </Filter>
    <Filter Include="ソース ファイル\scene">
      <UniqueIdentifier>{5aa1c67f-1040-4e7d-af08-0a4959b4be5b}</UniqueIdentifier>
    </Filter>
    <Filter Include="ヘッダー ファイル\scene">
      <UniqueIdentifier>{8c217052-477a-4935-961b-a88a3695a5b9}</UniqueIdentifier>
    </Filter>
    <Filter Include="ソース ファイル\camera">
      <UniqueIdentifier>{ea317398-4a6c-4348-acd0-b054282843bf}</UniqueIdentifier>
    </Filter>
    <Filter Include="ヘッダー ファイル\camera">
      <UniqueIdentifier>{60444213-e45a-4e39-a579-bb3df9b77d40}</UniqueIdentifier>
    </Filter>
    <Filter Include="ソース ファイル\3d\Fbx">
      <UniqueIdentifier>{918e07be-955a-4132-9710-d0b3b51b9aa8}</UniqueIdentifier>
    </Filter>
    <Filter Include="ヘッダー ファイル\3d\Fbx">
      <UniqueIdentifier>{50ee8435-d10c-4380-896d-34f56349169f}</UniqueIdentifier>
    </Filter>
    <Filter Include="ソース ファイル\base">
      <UniqueIdentifier>{aec2c328-66d8-4770-ad25-4a5b51e13afc}</UniqueIdentifier>
    </Filter>
    <Filter Include="ヘッダー ファイル\base">
      <UniqueIdentifier>{040de738-8e9a-4401-9cc6-4fcfdc13e5dc}</UniqueIdentifier>
    </Filter>
    <Filter Include="h&amp;cpp">
      <UniqueIdentifier>{c24fdafe-ce95-4bbc-ab05-9385c79d6dac}</UniqueIdentifier>
    </Filter>
    <Filter Include="h&amp;cpp\audio">
      <UniqueIdentifier>{436c3ed6-9154-4074-92ef-a5be5656feed}</UniqueIdentifier>
    </Filter>
    <Filter Include="h&amp;cpp\enemy">
      <UniqueIdentifier>{82abdeb1-a0c6-4c2a-92bf-7542c62e8914}</UniqueIdentifier>
    </Filter>
    <Filter Include="h&amp;cpp\shoot">
      <UniqueIdentifier>{ac164f0d-d393-434e-968a-cd613c9f027d}</UniqueIdentifier>
    </Filter>
    <Filter Include="h&amp;cpp\input">
      <UniqueIdentifier>{f3f6c241-755c-4385-bc51-48702dcc42eb}</UniqueIdentifier>
    </Filter>
    <Filter Include="h&amp;cpp\player">
      <UniqueIdentifier>{9e696917-7bec-425b-bfb0-8d855e7f3091}</UniqueIdentifier>
    </Filter>
  </ItemGroup>
  <ItemGroup>
    <FxCompile Include="Resources\shaders\SpritePS.hlsl">
      <Filter>シェーダーファイル</Filter>
    </FxCompile>
    <FxCompile Include="Resources\shaders\SpriteVS.hlsl">
      <Filter>シェーダーファイル</Filter>
    </FxCompile>
    <FxCompile Include="Resources\shaders\OBJPixelShader.hlsl">
      <Filter>シェーダーファイル</Filter>
    </FxCompile>
    <FxCompile Include="Resources\shaders\OBJVertexShader.hlsl">
      <Filter>シェーダーファイル</Filter>
    </FxCompile>
    <FxCompile Include="Resources\shaders\FBXPS.hlsl">
      <Filter>シェーダーファイル</Filter>
    </FxCompile>
    <FxCompile Include="Resources\shaders\FBXVS.hlsl">
      <Filter>シェーダーファイル</Filter>
    </FxCompile>
    <FxCompile Include="Resources\shaders\PostEffectPS.hlsl">
      <Filter>シェーダーファイル</Filter>
    </FxCompile>
    <FxCompile Include="Resources\shaders\PostEffectVS.hlsl">
      <Filter>シェーダーファイル</Filter>
    </FxCompile>
    <FxCompile Include="Resources\shaders\PixelShader.hlsl">
      <Filter>シェーダーファイル</Filter>
    </FxCompile>
  </ItemGroup>
  <ItemGroup>
    <ClCompile Include="main.cpp">
      <Filter>ソース ファイル</Filter>
    </ClCompile>
    <ClCompile Include="PostEffect.cpp">
      <Filter>ソース ファイル</Filter>
    </ClCompile>
    <ClCompile Include="2d\DebugText.cpp">
      <Filter>ソース ファイル\2d</Filter>
    </ClCompile>
    <ClCompile Include="2d\Sprite.cpp">
      <Filter>ソース ファイル\2d</Filter>
    </ClCompile>
    <ClCompile Include="3d\Model.cpp">
      <Filter>ソース ファイル\3d</Filter>
    </ClCompile>
    <ClCompile Include="3d\Object3d.cpp">
      <Filter>ソース ファイル\3d</Filter>
    </ClCompile>
    <ClCompile Include="audio\Audio.cpp">
      <Filter>h&amp;cpp\audio</Filter>
    </ClCompile>
    <ClCompile Include="scene\GameOver.cpp">
      <Filter>ソース ファイル\scene</Filter>
    </ClCompile>
    <ClCompile Include="scene\GamePlayScene.cpp">
      <Filter>ソース ファイル\scene</Filter>
    </ClCompile>
    <ClCompile Include="scene\SceneManager.cpp">
      <Filter>ソース ファイル\scene</Filter>
    </ClCompile>
    <ClCompile Include="scene\TitleScene.cpp">
      <Filter>ソース ファイル\scene</Filter>
    </ClCompile>
    <ClCompile Include="camera\Camera.cpp">
      <Filter>ソース ファイル\camera</Filter>
    </ClCompile>
    <ClCompile Include="camera\DebugCamera.cpp">
      <Filter>ソース ファイル\camera</Filter>
    </ClCompile>
    <ClCompile Include="input\Input.cpp">
      <Filter>h&amp;cpp\input</Filter>
    </ClCompile>
    <ClCompile Include="3d\Fbx_Model.cpp">
      <Filter>ソース ファイル\3d\Fbx</Filter>
    </ClCompile>
    <ClCompile Include="3d\Fbx_Object3d.cpp">
      <Filter>ソース ファイル\3d\Fbx</Filter>
    </ClCompile>
    <ClCompile Include="3d\FbxLoader.cpp">
      <Filter>ソース ファイル\3d\Fbx</Filter>
    </ClCompile>
    <ClCompile Include="player\Player.cpp">
      <Filter>h&amp;cpp\player</Filter>
    </ClCompile>
    <ClCompile Include="shoot\Shoot.cpp">
      <Filter>h&amp;cpp\shoot</Filter>
    </ClCompile>
    <ClCompile Include="enemy\Enemy.cpp">
      <Filter>h&amp;cpp\enemy</Filter>
    </ClCompile>
    <ClCompile Include="base\DirectXCommon.cpp">
      <Filter>ソース ファイル\base</Filter>
    </ClCompile>
    <ClCompile Include="base\Framework.cpp">
      <Filter>ソース ファイル\base</Filter>
    </ClCompile>
    <ClCompile Include="base\MyGame.cpp">
      <Filter>ソース ファイル\base</Filter>
    </ClCompile>
    <ClCompile Include="base\WinApp.cpp">
      <Filter>ソース ファイル\base</Filter>
    </ClCompile>
  </ItemGroup>
  <ItemGroup>
    <None Include="Resources\shaders\Sprite.hlsli">
      <Filter>シェーダーファイル</Filter>
    </None>
    <None Include="Resources\shaders\OBJShaderHeader.hlsli">
      <Filter>シェーダーファイル</Filter>
    </None>
    <None Include="Resources\shaders\FBX.hlsli">
      <Filter>シェーダーファイル</Filter>
    </None>
    <None Include="Resources\shaders\PostEffect.hlsli">
      <Filter>シェーダーファイル</Filter>
    </None>
  </ItemGroup>
  <ItemGroup>
    <ClInclude Include="PipelineSet.h">
      <Filter>ヘッダー ファイル</Filter>
    </ClInclude>
    <ClInclude Include="PostEffect.h">
      <Filter>ヘッダー ファイル</Filter>
    </ClInclude>
    <ClInclude Include="2d\DebugText.h">
      <Filter>ヘッダー ファイル\2d</Filter>
    </ClInclude>
    <ClInclude Include="2d\Sprite.h">
      <Filter>ヘッダー ファイル\2d</Filter>
    </ClInclude>
    <ClInclude Include="3d\Model.h">
      <Filter>ヘッダー ファイル\3d</Filter>
    </ClInclude>
    <ClInclude Include="3d\Object3d.h">
      <Filter>ヘッダー ファイル\3d</Filter>
    </ClInclude>
    <ClInclude Include="scene\BaseScene.h">
      <Filter>ヘッダー ファイル\scene</Filter>
    </ClInclude>
    <ClInclude Include="scene\GameOver.h">
      <Filter>ヘッダー ファイル\scene</Filter>
    </ClInclude>
    <ClInclude Include="scene\GamePlayScene.h">
      <Filter>ヘッダー ファイル\scene</Filter>
    </ClInclude>
    <ClInclude Include="scene\SceneManager.h">
      <Filter>ヘッダー ファイル\scene</Filter>
    </ClInclude>
    <ClInclude Include="scene\TitleScene.h">
      <Filter>ヘッダー ファイル\scene</Filter>
    </ClInclude>
    <ClInclude Include="camera\Camera.h">
      <Filter>ヘッダー ファイル\camera</Filter>
    </ClInclude>
    <ClInclude Include="camera\DebugCamera.h">
      <Filter>ヘッダー ファイル\camera</Filter>
    </ClInclude>
    <ClInclude Include="3d\Fbx_Model.h">
      <Filter>ヘッダー ファイル\3d\Fbx</Filter>
    </ClInclude>
    <ClInclude Include="3d\Fbx_Object3d.h">
      <Filter>ヘッダー ファイル\3d\Fbx</Filter>
    </ClInclude>
    <ClInclude Include="3d\FbxLoader.h">
      <Filter>ヘッダー ファイル\3d\Fbx</Filter>
    </ClInclude>
    <ClInclude Include="player\Player.h">
      <Filter>h&amp;cpp\player</Filter>
    </ClInclude>
    <ClInclude Include="input\Input.h">
      <Filter>h&amp;cpp\input</Filter>
    </ClInclude>
    <ClInclude Include="shoot\Shoot.h">
      <Filter>h&amp;cpp\shoot</Filter>
    </ClInclude>
    <ClInclude Include="enemy\Enemy.h">
      <Filter>h&amp;cpp\enemy</Filter>
    </ClInclude>
    <ClInclude Include="base\DirectXCommon.h">
      <Filter>ヘッダー ファイル\base</Filter>
    </ClInclude>
    <ClInclude Include="base\Framework.h">
      <Filter>ヘッダー ファイル\base</Filter>
    </ClInclude>
    <ClInclude Include="base\MyGame.h">
      <Filter>ヘッダー ファイル\base</Filter>
    </ClInclude>
    <ClInclude Include="base\WinApp.h">
      <Filter>ヘッダー ファイル\base</Filter>
    </ClInclude>
    <ClInclude Include="audio\Audio.h">
      <Filter>h&amp;cpp\audio</Filter>
    </ClInclude>
  </ItemGroup>
</Project>