<?xml version="1.0" encoding="utf-8"?>
<Project ToolsVersion="4.0" xmlns="http://schemas.microsoft.com/developer/msbuild/2003">
  <ItemGroup>
    <Filter Include="ソース ファイル">
      <UniqueIdentifier>{4FC737F1-C7A5-4376-A066-2A32D752A2FF}</UniqueIdentifier>
      <Extensions>cpp;c;cc;cxx;c++;cppm;ixx;def;odl;idl;hpj;bat;asm;asmx</Extensions>
    </Filter>
    <Filter Include="ヘッダー ファイル">
      <UniqueIdentifier>{93995380-89BD-4b04-88EB-625FBE52EBFB}</UniqueIdentifier>
      <Extensions>h;hh;hpp;hxx;h++;hm;inl;inc;ipp;xsd</Extensions>
    </Filter>
    <Filter Include="リソース ファイル">
      <UniqueIdentifier>{67DA6AB6-F800-4c08-8B7A-83BB121AAD01}</UniqueIdentifier>
      <Extensions>rc;ico;cur;bmp;dlg;rc2;rct;bin;rgs;gif;jpg;jpeg;jpe;resx;tiff;tif;png;wav;mfcribbon-ms</Extensions>
    </Filter>
    <Filter Include="シェーダーファイル">
      <UniqueIdentifier>{7e5584a5-2895-4181-9eaf-f65622106b57}</UniqueIdentifier>
    </Filter>
    <Filter Include="ソース ファイル\2d">
      <UniqueIdentifier>{cb8b355c-9f24-457b-8faa-8bcd7d5011cb}</UniqueIdentifier>
    </Filter>
    <Filter Include="ソース ファイル\3d">
      <UniqueIdentifier>{6a6c4718-65fe-49f3-80fb-ddc981580065}</UniqueIdentifier>
    </Filter>
    <Filter Include="ソース ファイル\camera">
      <UniqueIdentifier>{ea317398-4a6c-4348-acd0-b054282843bf}</UniqueIdentifier>
    </Filter>
    <Filter Include="ソース ファイル\base">
      <UniqueIdentifier>{aec2c328-66d8-4770-ad25-4a5b51e13afc}</UniqueIdentifier>
    </Filter>
    <Filter Include="ソース ファイル\audio">
      <UniqueIdentifier>{436c3ed6-9154-4074-92ef-a5be5656feed}</UniqueIdentifier>
    </Filter>
    <Filter Include="ソース ファイル\input">
      <UniqueIdentifier>{f3f6c241-755c-4385-bc51-48702dcc42eb}</UniqueIdentifier>
    </Filter>
    <Filter Include="ソース ファイル\base\.h">
      <UniqueIdentifier>{982fe784-f72d-4e57-be79-ab76cd798fb9}</UniqueIdentifier>
    </Filter>
    <Filter Include="ソース ファイル\game">
      <UniqueIdentifier>{132cf5ff-a490-47c6-b259-302761cea30a}</UniqueIdentifier>
    </Filter>
    <Filter Include="ソース ファイル\game\scene">
      <UniqueIdentifier>{5aa1c67f-1040-4e7d-af08-0a4959b4be5b}</UniqueIdentifier>
    </Filter>
    <Filter Include="ソース ファイル\game\enemy">
      <UniqueIdentifier>{82abdeb1-a0c6-4c2a-92bf-7542c62e8914}</UniqueIdentifier>
    </Filter>
    <Filter Include="ソース ファイル\game\Floor">
      <UniqueIdentifier>{7f4e8aad-70d7-476f-bf7c-ebc64acb9307}</UniqueIdentifier>
    </Filter>
    <Filter Include="ソース ファイル\game\collision">
      <UniqueIdentifier>{20aea93f-537e-41f0-bd2a-fb432eb11f7c}</UniqueIdentifier>
    </Filter>
    <Filter Include="ソース ファイル\3d\.cpp">
      <UniqueIdentifier>{5a0b3ea2-34c5-4ffe-89d7-674897a669ba}</UniqueIdentifier>
    </Filter>
    <Filter Include="ソース ファイル\camera\.cpp">
      <UniqueIdentifier>{d77bb0c6-6c49-4d39-bbd3-fd8c83b08662}</UniqueIdentifier>
    </Filter>
    <Filter Include="ソース ファイル\game\collision\.cpp">
      <UniqueIdentifier>{4f2374ce-64d4-475d-8da3-cd0575264d07}</UniqueIdentifier>
    </Filter>
    <Filter Include="ソース ファイル\game\enemy\.cpp">
      <UniqueIdentifier>{611ed2d3-6a24-439a-9b54-62c1f206c84b}</UniqueIdentifier>
    </Filter>
    <Filter Include="ソース ファイル\game\scene\.cpp">
      <UniqueIdentifier>{60de1f0e-904b-4565-b2d8-a50f9651e0b3}</UniqueIdentifier>
    </Filter>
    <Filter Include="imgui">
      <UniqueIdentifier>{805a6457-be10-4d68-a9f0-56b97a855747}</UniqueIdentifier>
    </Filter>
    <Filter Include="ソース ファイル\game\player">
      <UniqueIdentifier>{9e696917-7bec-425b-bfb0-8d855e7f3091}</UniqueIdentifier>
    </Filter>
    <Filter Include="ソース ファイル\game\gameObj">
      <UniqueIdentifier>{e1352eaa-63af-43bb-9f26-fbe1908b2561}</UniqueIdentifier>
    </Filter>
    <Filter Include="ソース ファイル\Fbx">
      <UniqueIdentifier>{f4e148b6-cd1f-4234-bb8b-25a86a078155}</UniqueIdentifier>
    </Filter>
    <Filter Include="ソース ファイル\game\gameObj\cpp">
      <UniqueIdentifier>{0fb56a47-8d79-4954-8df9-bbe21388ab6d}</UniqueIdentifier>
    </Filter>
  </ItemGroup>
  <ItemGroup>
    <FxCompile Include="Resources\shaders\SpritePS.hlsl">
      <Filter>シェーダーファイル</Filter>
    </FxCompile>
    <FxCompile Include="Resources\shaders\SpriteVS.hlsl">
      <Filter>シェーダーファイル</Filter>
    </FxCompile>
    <FxCompile Include="Resources\shaders\OBJPixelShader.hlsl">
      <Filter>シェーダーファイル</Filter>
    </FxCompile>
    <FxCompile Include="Resources\shaders\OBJVertexShader.hlsl">
      <Filter>シェーダーファイル</Filter>
    </FxCompile>
    <FxCompile Include="Resources\shaders\FBXPS.hlsl">
      <Filter>シェーダーファイル</Filter>
    </FxCompile>
    <FxCompile Include="Resources\shaders\FBXVS.hlsl">
      <Filter>シェーダーファイル</Filter>
    </FxCompile>
    <FxCompile Include="Resources\shaders\PostEffectPS.hlsl">
      <Filter>シェーダーファイル</Filter>
    </FxCompile>
    <FxCompile Include="Resources\shaders\PostEffectVS.hlsl">
      <Filter>シェーダーファイル</Filter>
    </FxCompile>
    <FxCompile Include="Resources\shaders\PixelShader.hlsl">
      <Filter>シェーダーファイル</Filter>
    </FxCompile>
    <FxCompile Include="Resources\shaders\ParticlePS.hlsl">
      <Filter>シェーダーファイル</Filter>
    </FxCompile>
    <FxCompile Include="Resources\shaders\ParticleVS.hlsl">
      <Filter>シェーダーファイル</Filter>
    </FxCompile>
    <FxCompile Include="Resources\shaders\ParticleGS.hlsl">
      <Filter>シェーダーファイル</Filter>
    </FxCompile>
  </ItemGroup>
  <ItemGroup>
    <ClCompile Include="main.cpp">
      <Filter>ソース ファイル</Filter>
    </ClCompile>
    <ClCompile Include="audio\Audio.cpp">
      <Filter>ソース ファイル\audio</Filter>
    </ClCompile>
    <ClCompile Include="input\Input.cpp">
      <Filter>ソース ファイル\input</Filter>
    </ClCompile>
    <ClCompile Include="player\Player.cpp">
      <Filter>ソース ファイル\game\player</Filter>
    </ClCompile>
    <ClCompile Include="player\PlayerBullet.cpp">
      <Filter>ソース ファイル\game\player</Filter>
    </ClCompile>
    <ClCompile Include="Floor\Floor.cpp">
      <Filter>ソース ファイル\game\Floor</Filter>
    </ClCompile>
    <ClCompile Include="Obstacle.cpp">
      <Filter>ソース ファイル\game</Filter>
    </ClCompile>
    <ClCompile Include="2d\DebugText.cpp">
      <Filter>ソース ファイル\2d</Filter>
    </ClCompile>
    <ClCompile Include="2d\Sprite.cpp">
      <Filter>ソース ファイル\2d</Filter>
    </ClCompile>
    <ClCompile Include="base\DirectXCommon.cpp">
      <Filter>ソース ファイル\base</Filter>
    </ClCompile>
    <ClCompile Include="base\Framework.cpp">
      <Filter>ソース ファイル\base</Filter>
    </ClCompile>
    <ClCompile Include="base\MyGame.cpp">
      <Filter>ソース ファイル\base</Filter>
    </ClCompile>
    <ClCompile Include="PostEffect.cpp">
      <Filter>ソース ファイル\base</Filter>
    </ClCompile>
    <ClCompile Include="base\WinApp.cpp">
      <Filter>ソース ファイル\base</Filter>
    </ClCompile>
    <ClCompile Include="3d\Fbx_Model.cpp">
      <Filter>ソース ファイル\Fbx</Filter>
    </ClCompile>
    <ClCompile Include="3d\Fbx_Object3d.cpp">
      <Filter>ソース ファイル\Fbx</Filter>
    </ClCompile>
    <ClCompile Include="3d\FbxLoader.cpp">
      <Filter>ソース ファイル\Fbx</Filter>
    </ClCompile>
    <ClCompile Include="3d\Object3d.cpp">
      <Filter>ソース ファイル\3d\.cpp</Filter>
    </ClCompile>
    <ClCompile Include="3d\ParticleManager.cpp">
      <Filter>ソース ファイル\3d\.cpp</Filter>
    </ClCompile>
    <ClCompile Include="3d\Model.cpp">
      <Filter>ソース ファイル\3d\.cpp</Filter>
    </ClCompile>
    <ClCompile Include="3d\Mesh.cpp">
      <Filter>ソース ファイル\3d\.cpp</Filter>
    </ClCompile>
    <ClCompile Include="3d\Material.cpp">
      <Filter>ソース ファイル\3d\.cpp</Filter>
    </ClCompile>
    <ClCompile Include="camera\Camera.cpp">
      <Filter>ソース ファイル\camera\.cpp</Filter>
    </ClCompile>
    <ClCompile Include="camera\DebugCamera.cpp">
      <Filter>ソース ファイル\camera\.cpp</Filter>
    </ClCompile>
    <ClCompile Include="camera\FollowingCamera.cpp">
      <Filter>ソース ファイル\camera\.cpp</Filter>
    </ClCompile>
    <ClCompile Include="collision\Collision.cpp">
      <Filter>ソース ファイル\game\collision\.cpp</Filter>
    </ClCompile>
    <ClCompile Include="collision\SphereCollider.cpp">
      <Filter>ソース ファイル\game\collision\.cpp</Filter>
    </ClCompile>
    <ClCompile Include="scene\GameClear.cpp">
      <Filter>ソース ファイル\game\scene\.cpp</Filter>
    </ClCompile>
    <ClCompile Include="scene\GameOver.cpp">
      <Filter>ソース ファイル\game\scene\.cpp</Filter>
    </ClCompile>
    <ClCompile Include="scene\GamePlayScene.cpp">
      <Filter>ソース ファイル\game\scene\.cpp</Filter>
    </ClCompile>
    <ClCompile Include="scene\SceneManager.cpp">
      <Filter>ソース ファイル\game\scene\.cpp</Filter>
    </ClCompile>
    <ClCompile Include="scene\TitleScene.cpp">
      <Filter>ソース ファイル\game\scene\.cpp</Filter>
    </ClCompile>
    <ClCompile Include="collision\MeshCollider.cpp">
      <Filter>ソース ファイル\game\collision\.cpp</Filter>
    </ClCompile>
    <ClCompile Include="collision\CollisionManager.cpp">
      <Filter>ソース ファイル\game\collision\.cpp</Filter>
    </ClCompile>
    <ClCompile Include="collision\CollisionPrimitive.cpp">
      <Filter>ソース ファイル\game\collision\.cpp</Filter>
    </ClCompile>
    <ClCompile Include="imgui\imgui.cpp">
      <Filter>imgui</Filter>
    </ClCompile>
    <ClCompile Include="imgui\imgui_demo.cpp">
      <Filter>imgui</Filter>
    </ClCompile>
    <ClCompile Include="imgui\imgui_draw.cpp">
      <Filter>imgui</Filter>
    </ClCompile>
    <ClCompile Include="imgui\imgui_impl_dx12.cpp">
      <Filter>imgui</Filter>
    </ClCompile>
    <ClCompile Include="imgui\imgui_impl_win32.cpp">
      <Filter>imgui</Filter>
    </ClCompile>
    <ClCompile Include="imgui\imgui_widgets.cpp">
      <Filter>imgui</Filter>
    </ClCompile>
    <ClCompile Include="Easing.cpp">
      <Filter>ソース ファイル</Filter>
    </ClCompile>
    <ClCompile Include="3d\GameObject.cpp">
      <Filter>ソース ファイル\game\gameObj\cpp</Filter>
    </ClCompile>
    <ClCompile Include="collision\TouchableObject.cpp">
      <Filter>ソース ファイル\game\gameObj\cpp</Filter>
    </ClCompile>
    <ClCompile Include="enemy\BackEnemy.cpp">
      <Filter>ソース ファイル\game\enemy\.cpp</Filter>
    </ClCompile>
    <ClCompile Include="enemy\EnemyBullet.cpp">
      <Filter>ソース ファイル\game\enemy\.cpp</Filter>
    </ClCompile>
    <ClCompile Include="enemy\FrontEnemy.cpp">
      <Filter>ソース ファイル\game\enemy\.cpp</Filter>
    </ClCompile>
    <ClCompile Include="enemy\LeftEnemy.cpp">
      <Filter>ソース ファイル\game\enemy\.cpp</Filter>
    </ClCompile>
    <ClCompile Include="enemy\RightEnemy.cpp">
      <Filter>ソース ファイル\game\enemy\.cpp</Filter>
    </ClCompile>
    <ClCompile Include="Wall.cpp">
      <Filter>ソース ファイル\game</Filter>
    </ClCompile>
    <ClCompile Include="Door.cpp">
      <Filter>ソース ファイル\game</Filter>
    </ClCompile>
  </ItemGroup>
  <ItemGroup>
    <None Include="Resources\shaders\Sprite.hlsli">
      <Filter>シェーダーファイル</Filter>
    </None>
    <None Include="Resources\shaders\OBJShaderHeader.hlsli">
      <Filter>シェーダーファイル</Filter>
    </None>
    <None Include="Resources\shaders\FBX.hlsli">
      <Filter>シェーダーファイル</Filter>
    </None>
    <None Include="Resources\shaders\PostEffect.hlsli">
      <Filter>シェーダーファイル</Filter>
    </None>
    <None Include="Resources\shaders\Particle.hlsli">
      <Filter>シェーダーファイル</Filter>
    </None>
  </ItemGroup>
  <ItemGroup>
    <ClInclude Include="player\Player.h">
      <Filter>ソース ファイル\game\player</Filter>
    </ClInclude>
    <ClInclude Include="input\Input.h">
      <Filter>ソース ファイル\input</Filter>
    </ClInclude>
    <ClInclude Include="audio\Audio.h">
      <Filter>ソース ファイル\audio</Filter>
    </ClInclude>
    <ClInclude Include="base\DirectXCommon.h">
      <Filter>ソース ファイル\base\.h</Filter>
    </ClInclude>
    <ClInclude Include="base\Framework.h">
      <Filter>ソース ファイル\base\.h</Filter>
    </ClInclude>
    <ClInclude Include="base\MyGame.h">
      <Filter>ソース ファイル\base\.h</Filter>
    </ClInclude>
    <ClInclude Include="PostEffect.h">
      <Filter>ソース ファイル\base\.h</Filter>
    </ClInclude>
    <ClInclude Include="base\WinApp.h">
      <Filter>ソース ファイル\base\.h</Filter>
    </ClInclude>
    <ClInclude Include="player\PlayerBullet.h">
      <Filter>ソース ファイル\game\player</Filter>
    </ClInclude>
    <ClInclude Include="Floor\Floor.h">
      <Filter>ソース ファイル\game\Floor</Filter>
    </ClInclude>
    <ClInclude Include="Obstacle.h">
      <Filter>ソース ファイル\game</Filter>
    </ClInclude>
    <ClInclude Include="3d\Fbx_Model.h">
      <Filter>ソース ファイル\Fbx</Filter>
    </ClInclude>
    <ClInclude Include="3d\Fbx_Object3d.h">
      <Filter>ソース ファイル\Fbx</Filter>
    </ClInclude>
    <ClInclude Include="3d\FbxLoader.h">
      <Filter>ソース ファイル\Fbx</Filter>
    </ClInclude>
    <ClInclude Include="PipelineSet.h">
      <Filter>ソース ファイル\3d</Filter>
    </ClInclude>
    <ClInclude Include="3d\Material.h">
      <Filter>ソース ファイル\3d</Filter>
    </ClInclude>
    <ClInclude Include="3d\Mesh.h">
      <Filter>ソース ファイル\3d</Filter>
    </ClInclude>
    <ClInclude Include="3d\Model.h">
      <Filter>ソース ファイル\3d</Filter>
    </ClInclude>
    <ClInclude Include="3d\Object3d.h">
      <Filter>ソース ファイル\3d</Filter>
    </ClInclude>
    <ClInclude Include="3d\ParticleManager.h">
      <Filter>ソース ファイル\3d</Filter>
    </ClInclude>
    <ClInclude Include="camera\Camera.h">
      <Filter>ソース ファイル\camera</Filter>
    </ClInclude>
    <ClInclude Include="camera\DebugCamera.h">
      <Filter>ソース ファイル\camera</Filter>
    </ClInclude>
    <ClInclude Include="camera\FollowingCamera.h">
      <Filter>ソース ファイル\camera</Filter>
    </ClInclude>
    <ClInclude Include="collision\Collision.h">
      <Filter>ソース ファイル\game\collision</Filter>
    </ClInclude>
    <ClInclude Include="collision\CollisionInfo.h">
      <Filter>ソース ファイル\game\collision</Filter>
    </ClInclude>
    <ClInclude Include="collision\CollisionPrimitive.h">
      <Filter>ソース ファイル\game\collision</Filter>
    </ClInclude>
    <ClInclude Include="collision\CollisionTypes.h">
      <Filter>ソース ファイル\game\collision</Filter>
    </ClInclude>
    <ClInclude Include="collision\SphereCollider.h">
      <Filter>ソース ファイル\game\collision</Filter>
    </ClInclude>
    <ClInclude Include="enemy\BackEnemy.h">
      <Filter>ソース ファイル\game\enemy</Filter>
    </ClInclude>
    <ClInclude Include="enemy\EnemyBullet.h">
      <Filter>ソース ファイル\game\enemy</Filter>
    </ClInclude>
    <ClInclude Include="enemy\FrontEnemy.h">
      <Filter>ソース ファイル\game\enemy</Filter>
    </ClInclude>
    <ClInclude Include="enemy\LeftEnemy.h">
      <Filter>ソース ファイル\game\enemy</Filter>
    </ClInclude>
    <ClInclude Include="enemy\RightEnemy.h">
      <Filter>ソース ファイル\game\enemy</Filter>
    </ClInclude>
    <ClInclude Include="scene\BaseScene.h">
      <Filter>ソース ファイル\game\scene</Filter>
    </ClInclude>
    <ClInclude Include="scene\GameClear.h">
      <Filter>ソース ファイル\game\scene</Filter>
    </ClInclude>
    <ClInclude Include="scene\GameOver.h">
      <Filter>ソース ファイル\game\scene</Filter>
    </ClInclude>
    <ClInclude Include="scene\GamePlayScene.h">
      <Filter>ソース ファイル\game\scene</Filter>
    </ClInclude>
    <ClInclude Include="scene\SceneManager.h">
      <Filter>ソース ファイル\game\scene</Filter>
    </ClInclude>
    <ClInclude Include="scene\TitleScene.h">
      <Filter>ソース ファイル\game\scene</Filter>
    </ClInclude>
    <ClInclude Include="2d\Sprite.h">
      <Filter>ソース ファイル\2d</Filter>
    </ClInclude>
    <ClInclude Include="2d\DebugText.h">
      <Filter>ソース ファイル\2d</Filter>
    </ClInclude>
    <ClInclude Include="collision\RaycastHit.h">
      <Filter>ソース ファイル\game\collision</Filter>
    </ClInclude>
    <ClInclude Include="collision\CollisionManager.h">
      <Filter>ソース ファイル\game\collision</Filter>
    </ClInclude>
    <ClInclude Include="collision\MeshCollider.h">
      <Filter>ソース ファイル\game\collision</Filter>
    </ClInclude>
    <ClInclude Include="collision\CollisionAttribute.h">
      <Filter>ソース ファイル\game\collision</Filter>
    </ClInclude>
    <ClInclude Include="collision\QueryCallback.h">
      <Filter>ソース ファイル\game\collision</Filter>
    </ClInclude>
    <ClInclude Include="imgui\imconfig.h">
      <Filter>imgui</Filter>
    </ClInclude>
    <ClInclude Include="imgui\imgui.h">
      <Filter>imgui</Filter>
    </ClInclude>
    <ClInclude Include="imgui\imgui_impl_dx12.h">
      <Filter>imgui</Filter>
    </ClInclude>
    <ClInclude Include="imgui\imgui_impl_win32.h">
      <Filter>imgui</Filter>
    </ClInclude>
    <ClInclude Include="imgui\imgui_internal.h">
      <Filter>imgui</Filter>
    </ClInclude>
    <ClInclude Include="imgui\imstb_rectpack.h">
      <Filter>imgui</Filter>
    </ClInclude>
    <ClInclude Include="imgui\imstb_textedit.h">
      <Filter>imgui</Filter>
    </ClInclude>
    <ClInclude Include="imgui\imstb_truetype.h">
      <Filter>imgui</Filter>
    </ClInclude>
    <ClInclude Include="Easing.h">
      <Filter>ヘッダー ファイル</Filter>
    </ClInclude>
    <ClInclude Include="collision\BaseCollider.h">
      <Filter>ソース ファイル\3d</Filter>
    </ClInclude>
    <ClInclude Include="collision\TouchableObject.h">
      <Filter>ソース ファイル\game\gameObj</Filter>
    </ClInclude>
    <ClInclude Include="3d\GameObject.h">
      <Filter>ソース ファイル\game\gameObj</Filter>
    </ClInclude>
    <ClInclude Include="Wall.h">
      <Filter>ソース ファイル\game</Filter>
    </ClInclude>
    <ClInclude Include="Door.h">
      <Filter>ソース ファイル\game</Filter>
    </ClInclude>
  </ItemGroup>
</Project>